{
  "originHash" : "d47d2892cd61098d8f83600c781dff48aba680dc1a24fdc9f8b35ce9c7c3e479",
  "pins" : [
    {
      "identity" : "oneway",
      "kind" : "remoteSourceControl",
      "location" : "https://github.com/DevYeom/OneWay.git",
      "state" : {
        "revision" : "3cdbc766b808fab915d93a73cb974e97ce247a3f",
        "version" : "2.9.0"
      }
    }
  ],
  "version" : 3
}
