{
  "originHash" : "5710d7e2c5593bda852afb0b3edbc5d7584d38086ffa70ffe9e19c074ab680e1",
  "pins" : [
    {
      "identity" : "oneway",
      "kind" : "remoteSourceControl",
      "location" : "https://github.com/DevYeom/OneWay.git",
      "state" : {
        "revision" : "514c7140fccf0f3d48b541acb8cac24f8e25482a",
        "version" : "2.10.0"
      }
    }
  ],
  "version" : 3
}
