{
  "originHash" : "6ac3d8e0acaaedebe558985057fb2a10105033828a78519ecad93c72cedf7c28",
  "pins" : [
    {
      "identity" : "oneway",
      "kind" : "remoteSourceControl",
      "location" : "https://github.com/DevYeom/OneWay.git",
      "state" : {
        "revision" : "2ba406b0bfd747a1bc13bb8603f4f10f5d059881",
        "version" : "2.8.0"
      }
    }
  ],
  "version" : 3
}
