{
  "originHash" : "be7ed38fb49f186440c8848bee4bf7e11c005e527f677f96ab8a86d8575014c6",
  "pins" : [
    {
      "identity" : "oneway",
      "kind" : "remoteSourceControl",
      "location" : "https://github.com/DevYeom/OneWay.git",
      "state" : {
        "revision" : "bc687d5f5d210e9985e5c235d1d88c66bd731a31",
        "version" : "2.6.0"
      }
    }
  ],
  "version" : 3
}
