{
  "originHash" : "f80a8a565415aeb4f5dfea7bfce674973449c9d6fcb81f4a7beb5c5717e0e000",
  "pins" : [
    {
      "identity" : "oneway",
      "kind" : "remoteSourceControl",
      "location" : "https://github.com/DevYeom/OneWay.git",
      "state" : {
        "revision" : "4d25b546cd7266cfabbf61908d6616c69b32ebf7",
        "version" : "2.7.0"
      }
    }
  ],
  "version" : 3
}
