// !$*UTF8*$!
{
	archiveVersion = 1;
	classes = {
	};
	objectVersion = 56;
	objects = {

/* Begin PBXBuildFile section */
		C305F3AF2C8451F90046256D /* BadaCore in Frameworks */ = {isa = PBXBuildFile; productRef = C305F3AE2C8451F90046256D /* BadaCore */; };
		C305F3B12C8451F90046256D /* BadaUI in Frameworks */ = {isa = PBXBuildFile; productRef = C305F3B02C8451F90046256D /* BadaUI */; };
		C305F3B32C8452000046256D /* BadaCore in Frameworks */ = {isa = PBXBuildFile; productRef = C305F3B22C8452000046256D /* BadaCore */; };
		C305F3B52C8452000046256D /* BadaUI in Frameworks */ = {isa = PBXBuildFile; productRef = C305F3B42C8452000046256D /* BadaUI */; };
		C305F3B72C8452070046256D /* BadaCore in Frameworks */ = {isa = PBXBuildFile; productRef = C305F3B62C8452070046256D /* BadaCore */; };
		C305F3B92C8452070046256D /* BadaUI in Frameworks */ = {isa = PBXBuildFile; productRef = C305F3B82C8452070046256D /* BadaUI */; };
		C30EC7BF2C8482E300B46F13 /* BadaApp in Frameworks */ = {isa = PBXBuildFile; productRef = C30EC7BE2C8482E300B46F13 /* BadaApp */; };
		C30EC7C12C8482E800B46F13 /* BadaApp in Frameworks */ = {isa = PBXBuildFile; productRef = C30EC7C02C8482E800B46F13 /* BadaApp */; };
		C3DC6EB62B78B76000E1968B /* MacApp.swift in Sources */ = {isa = PBXBuildFile; fileRef = C3DC6EB52B78B76000E1968B /* MacApp.swift */; };
		C3DC6EBA2B78B76100E1968B /* Assets.xcassets in Resources */ = {isa = PBXBuildFile; fileRef = C3DC6EB92B78B76100E1968B /* Assets.xcassets */; };
		C3DC6EDB2B78B8E800E1968B /* PhoneApp.swift in Sources */ = {isa = PBXBuildFile; fileRef = C3DC6EDA2B78B8E800E1968B /* PhoneApp.swift */; };
		C3DC6EDF2B78B8E900E1968B /* Assets.xcassets in Resources */ = {isa = PBXBuildFile; fileRef = C3DC6EDE2B78B8E900E1968B /* Assets.xcassets */; };
		C3E08D322B78B9DF00659303 /* Assets.xcassets in Resources */ = {isa = PBXBuildFile; fileRef = C3E08D2D2B78B9DF00659303 /* Assets.xcassets */; };
		C3E08D342B78B9DF00659303 /* PadApp.swift in Sources */ = {isa = PBXBuildFile; fileRef = C3E08D302B78B9DF00659303 /* PadApp.swift */; };
		C3F0C7EA2C9ABD350095F222 /* BadaApp in Frameworks */ = {isa = PBXBuildFile; productRef = C3F0C7E92C9ABD350095F222 /* BadaApp */; };
/* End PBXBuildFile section */

/* Begin PBXCopyFilesBuildPhase section */
		C3E08D6D2B78BEA800659303 /* Embed Watch Content */ = {
			isa = PBXCopyFilesBuildPhase;
			buildActionMask = 2147483647;
			dstPath = "$(CONTENTS_FOLDER_PATH)/Watch";
			dstSubfolderSpec = 16;
			files = (
			);
			name = "Embed Watch Content";
			runOnlyForDeploymentPostprocessing = 0;
		};
/* End PBXCopyFilesBuildPhase section */

/* Begin PBXFileReference section */
		C303E0B52C99A71500A94738 /* iOS-Info.plist */ = {isa = PBXFileReference; lastKnownFileType = text.plist; path = "iOS-Info.plist"; sourceTree = "<group>"; };
		C303E0B62C99A75400A94738 /* iPadOS-Info.plist */ = {isa = PBXFileReference; lastKnownFileType = text.plist; path = "iPadOS-Info.plist"; sourceTree = "<group>"; };
		C303E0B72C99A75E00A94738 /* macOS-Info.plist */ = {isa = PBXFileReference; lastKnownFileType = text.plist; path = "macOS-Info.plist"; sourceTree = "<group>"; };
		C311CB562CA7FA8600D70C53 /* iPadOS.entitlements */ = {isa = PBXFileReference; lastKnownFileType = text.plist.entitlements; path = iPadOS.entitlements; sourceTree = "<group>"; };
		C311CB572CA7FA9600D70C53 /* macOS.entitlements */ = {isa = PBXFileReference; lastKnownFileType = text.plist.entitlements; path = macOS.entitlements; sourceTree = "<group>"; };
		C3CAD57F2B78C8CA00C7344D /* AppTests.xctestplan */ = {isa = PBXFileReference; lastKnownFileType = text; path = AppTests.xctestplan; sourceTree = "<group>"; };
		C3D2A16C2B6E32340059EADC /* AppPackage */ = {isa = PBXFileReference; lastKnownFileType = wrapper; name = AppPackage; path = ..; sourceTree = "<group>"; };
		C3DC6EB32B78B76000E1968B /* macOS.app */ = {isa = PBXFileReference; explicitFileType = wrapper.application; includeInIndex = 0; path = macOS.app; sourceTree = BUILT_PRODUCTS_DIR; };
		C3DC6EB52B78B76000E1968B /* MacApp.swift */ = {isa = PBXFileReference; lastKnownFileType = sourcecode.swift; path = MacApp.swift; sourceTree = "<group>"; };
		C3DC6EB92B78B76100E1968B /* Assets.xcassets */ = {isa = PBXFileReference; lastKnownFileType = folder.assetcatalog; path = Assets.xcassets; sourceTree = "<group>"; };
		C3DC6ED82B78B8E800E1968B /* iOS.app */ = {isa = PBXFileReference; explicitFileType = wrapper.application; includeInIndex = 0; path = iOS.app; sourceTree = BUILT_PRODUCTS_DIR; };
		C3DC6EDA2B78B8E800E1968B /* PhoneApp.swift */ = {isa = PBXFileReference; lastKnownFileType = sourcecode.swift; path = PhoneApp.swift; sourceTree = "<group>"; };
		C3DC6EDE2B78B8E900E1968B /* Assets.xcassets */ = {isa = PBXFileReference; lastKnownFileType = folder.assetcatalog; path = Assets.xcassets; sourceTree = "<group>"; };
		C3DC6EEA2B78B9A200E1968B /* iPadOS.app */ = {isa = PBXFileReference; explicitFileType = wrapper.application; includeInIndex = 0; path = iPadOS.app; sourceTree = BUILT_PRODUCTS_DIR; };
		C3E08D2D2B78B9DF00659303 /* Assets.xcassets */ = {isa = PBXFileReference; lastKnownFileType = folder.assetcatalog; path = Assets.xcassets; sourceTree = "<group>"; };
		C3E08D302B78B9DF00659303 /* PadApp.swift */ = {isa = PBXFileReference; fileEncoding = 4; lastKnownFileType = sourcecode.swift; path = PadApp.swift; sourceTree = "<group>"; };
		C3E3D4942C9A659C00684D72 /* iOS.entitlements */ = {isa = PBXFileReference; lastKnownFileType = text.plist.entitlements; path = iOS.entitlements; sourceTree = "<group>"; };
/* End PBXFileReference section */

/* Begin PBXFrameworksBuildPhase section */
		C3DC6EB02B78B76000E1968B /* Frameworks */ = {
			isa = PBXFrameworksBuildPhase;
			buildActionMask = 2147483647;
			files = (
				C3F0C7EA2C9ABD350095F222 /* BadaApp in Frameworks */,
				C305F3B92C8452070046256D /* BadaUI in Frameworks */,
				C305F3B72C8452070046256D /* BadaCore in Frameworks */,
			);
			runOnlyForDeploymentPostprocessing = 0;
		};
		C3DC6ED52B78B8E800E1968B /* Frameworks */ = {
			isa = PBXFrameworksBuildPhase;
			buildActionMask = 2147483647;
			files = (
				C30EC7BF2C8482E300B46F13 /* BadaApp in Frameworks */,
				C305F3B12C8451F90046256D /* BadaUI in Frameworks */,
				C305F3AF2C8451F90046256D /* BadaCore in Frameworks */,
			);
			runOnlyForDeploymentPostprocessing = 0;
		};
		C3DC6EE72B78B9A200E1968B /* Frameworks */ = {
			isa = PBXFrameworksBuildPhase;
			buildActionMask = 2147483647;
			files = (
				C30EC7C12C8482E800B46F13 /* BadaApp in Frameworks */,
				C305F3B52C8452000046256D /* BadaUI in Frameworks */,
				C305F3B32C8452000046256D /* BadaCore in Frameworks */,
			);
			runOnlyForDeploymentPostprocessing = 0;
		};
/* End PBXFrameworksBuildPhase section */

/* Begin PBXGroup section */
		C3100B852B396A0600CD640B /* Platforms */ = {
			isa = PBXGroup;
			children = (
				C3DC6ED92B78B8E800E1968B /* iOS */,
				C3E08D2C2B78B9DF00659303 /* iPadOS */,
				C3DC6EB42B78B76000E1968B /* macOS */,
			);
			path = Platforms;
			sourceTree = "<group>";
		};
		C3CAD57E2B78C8A000C7344D /* TestPlans */ = {
			isa = PBXGroup;
			children = (
				C3CAD57F2B78C8CA00C7344D /* AppTests.xctestplan */,
			);
			path = TestPlans;
			sourceTree = "<group>";
		};
		C3D2A16D2B6E32BD0059EADC /* Frameworks */ = {
			isa = PBXGroup;
			children = (
			);
			name = Frameworks;
			sourceTree = "<group>";
		};
		C3DC6EB42B78B76000E1968B /* macOS */ = {
			isa = PBXGroup;
			children = (
				C3DC6EB52B78B76000E1968B /* MacApp.swift */,
				C3DC6EB92B78B76100E1968B /* Assets.xcassets */,
			);
			path = macOS;
			sourceTree = "<group>";
		};
		C3DC6ED92B78B8E800E1968B /* iOS */ = {
			isa = PBXGroup;
			children = (
				C3DC6EDA2B78B8E800E1968B /* PhoneApp.swift */,
				C3DC6EDE2B78B8E900E1968B /* Assets.xcassets */,
			);
			path = iOS;
			sourceTree = "<group>";
		};
		C3E08D2C2B78B9DF00659303 /* iPadOS */ = {
			isa = PBXGroup;
			children = (
				C3E08D302B78B9DF00659303 /* PadApp.swift */,
				C3E08D2D2B78B9DF00659303 /* Assets.xcassets */,
			);
			path = iPadOS;
			sourceTree = "<group>";
		};
		C3F0AC432B2EE3A900D2165B = {
			isa = PBXGroup;
			children = (
				C3D2A16C2B6E32340059EADC /* AppPackage */,
				C3E3D4942C9A659C00684D72 /* iOS.entitlements */,
				C311CB562CA7FA8600D70C53 /* iPadOS.entitlements */,
				C311CB572CA7FA9600D70C53 /* macOS.entitlements */,
				C303E0B52C99A71500A94738 /* iOS-Info.plist */,
				C303E0B62C99A75400A94738 /* iPadOS-Info.plist */,
				C303E0B72C99A75E00A94738 /* macOS-Info.plist */,
				C3D2A16D2B6E32BD0059EADC /* Frameworks */,
				C3100B852B396A0600CD640B /* Platforms */,
				C3F0AC4D2B2EE3A900D2165B /* Products */,
				C3CAD57E2B78C8A000C7344D /* TestPlans */,
			);
			sourceTree = "<group>";
		};
		C3F0AC4D2B2EE3A900D2165B /* Products */ = {
			isa = PBXGroup;
			children = (
				C3DC6EB32B78B76000E1968B /* macOS.app */,
				C3DC6ED82B78B8E800E1968B /* iOS.app */,
				C3DC6EEA2B78B9A200E1968B /* iPadOS.app */,
			);
			name = Products;
			sourceTree = "<group>";
		};
/* End PBXGroup section */

/* Begin PBXNativeTarget section */
		C3DC6EB22B78B76000E1968B /* macOS */ = {
			isa = PBXNativeTarget;
			buildConfigurationList = C3DC6EC12B78B76100E1968B /* Build configuration list for PBXNativeTarget "macOS" */;
			buildPhases = (
				C3DC6EAF2B78B76000E1968B /* Sources */,
				C3DC6EB02B78B76000E1968B /* Frameworks */,
				C3DC6EB12B78B76000E1968B /* Resources */,
			);
			buildRules = (
			);
			dependencies = (
			);
			name = macOS;
			packageProductDependencies = (
				C305F3B62C8452070046256D /* BadaCore */,
				C305F3B82C8452070046256D /* BadaUI */,
				C3F0C7E92C9ABD350095F222 /* BadaApp */,
			);
			productName = macOS;
			productReference = C3DC6EB32B78B76000E1968B /* macOS.app */;
			productType = "com.apple.product-type.application";
		};
		C3DC6ED72B78B8E800E1968B /* iOS */ = {
			isa = PBXNativeTarget;
			buildConfigurationList = C3DC6EE32B78B8E900E1968B /* Build configuration list for PBXNativeTarget "iOS" */;
			buildPhases = (
				C3DC6ED42B78B8E800E1968B /* Sources */,
				C3DC6ED52B78B8E800E1968B /* Frameworks */,
				C3DC6ED62B78B8E800E1968B /* Resources */,
				C3E08D6D2B78BEA800659303 /* Embed Watch Content */,
			);
			buildRules = (
			);
			dependencies = (
			);
			name = iOS;
			packageProductDependencies = (
				C305F3AE2C8451F90046256D /* BadaCore */,
				C305F3B02C8451F90046256D /* BadaUI */,
				C30EC7BE2C8482E300B46F13 /* BadaApp */,
			);
			productName = iOS;
			productReference = C3DC6ED82B78B8E800E1968B /* iOS.app */;
			productType = "com.apple.product-type.application";
		};
		C3DC6EE92B78B9A200E1968B /* iPadOS */ = {
			isa = PBXNativeTarget;
			buildConfigurationList = C3DC6EF52B78B9A400E1968B /* Build configuration list for PBXNativeTarget "iPadOS" */;
			buildPhases = (
				C3DC6EE62B78B9A200E1968B /* Sources */,
				C3DC6EE72B78B9A200E1968B /* Frameworks */,
				C3DC6EE82B78B9A200E1968B /* Resources */,
			);
			buildRules = (
			);
			dependencies = (
			);
			name = iPadOS;
			packageProductDependencies = (
				C305F3B22C8452000046256D /* BadaCore */,
				C305F3B42C8452000046256D /* BadaUI */,
				C30EC7C02C8482E800B46F13 /* BadaApp */,
			);
			productName = iPadOS;
			productReference = C3DC6EEA2B78B9A200E1968B /* iPadOS.app */;
			productType = "com.apple.product-type.application";
		};
/* End PBXNativeTarget section */

/* Begin PBXProject section */
		C3F0AC442B2EE3A900D2165B /* Project object */ = {
			isa = PBXProject;
			attributes = {
				BuildIndependentTargetsInParallel = 1;
				LastSwiftUpdateCheck = 1520;
				LastUpgradeCheck = 1520;
				TargetAttributes = {
					C3DC6EB22B78B76000E1968B = {
						CreatedOnToolsVersion = 15.2;
					};
					C3DC6ED72B78B8E800E1968B = {
						CreatedOnToolsVersion = 15.2;
					};
					C3DC6EE92B78B9A200E1968B = {
						CreatedOnToolsVersion = 15.2;
					};
				};
			};
			buildConfigurationList = C3F0AC472B2EE3A900D2165B /* Build configuration list for PBXProject "BadaBook" */;
			compatibilityVersion = "Xcode 14.0";
			developmentRegion = en;
			hasScannedForEncodings = 0;
			knownRegions = (
				en,
				Base,
			);
			mainGroup = C3F0AC432B2EE3A900D2165B;
			productRefGroup = C3F0AC4D2B2EE3A900D2165B /* Products */;
			projectDirPath = "";
			projectRoot = "";
			targets = (
				C3DC6ED72B78B8E800E1968B /* iOS */,
				C3DC6EE92B78B9A200E1968B /* iPadOS */,
				C3DC6EB22B78B76000E1968B /* macOS */,
			);
		};
/* End PBXProject section */

/* Begin PBXResourcesBuildPhase section */
		C3DC6EB12B78B76000E1968B /* Resources */ = {
			isa = PBXResourcesBuildPhase;
			buildActionMask = 2147483647;
			files = (
				C3DC6EBA2B78B76100E1968B /* Assets.xcassets in Resources */,
			);
			runOnlyForDeploymentPostprocessing = 0;
		};
		C3DC6ED62B78B8E800E1968B /* Resources */ = {
			isa = PBXResourcesBuildPhase;
			buildActionMask = 2147483647;
			files = (
				C3DC6EDF2B78B8E900E1968B /* Assets.xcassets in Resources */,
			);
			runOnlyForDeploymentPostprocessing = 0;
		};
		C3DC6EE82B78B9A200E1968B /* Resources */ = {
			isa = PBXResourcesBuildPhase;
			buildActionMask = 2147483647;
			files = (
				C3E08D322B78B9DF00659303 /* Assets.xcassets in Resources */,
			);
			runOnlyForDeploymentPostprocessing = 0;
		};
/* End PBXResourcesBuildPhase section */

/* Begin PBXSourcesBuildPhase section */
		C3DC6EAF2B78B76000E1968B /* Sources */ = {
			isa = PBXSourcesBuildPhase;
			buildActionMask = 2147483647;
			files = (
				C3DC6EB62B78B76000E1968B /* MacApp.swift in Sources */,
			);
			runOnlyForDeploymentPostprocessing = 0;
		};
		C3DC6ED42B78B8E800E1968B /* Sources */ = {
			isa = PBXSourcesBuildPhase;
			buildActionMask = 2147483647;
			files = (
				C3DC6EDB2B78B8E800E1968B /* PhoneApp.swift in Sources */,
			);
			runOnlyForDeploymentPostprocessing = 0;
		};
		C3DC6EE62B78B9A200E1968B /* Sources */ = {
			isa = PBXSourcesBuildPhase;
			buildActionMask = 2147483647;
			files = (
				C3E08D342B78B9DF00659303 /* PadApp.swift in Sources */,
			);
			runOnlyForDeploymentPostprocessing = 0;
		};
/* End PBXSourcesBuildPhase section */

/* Begin XCBuildConfiguration section */
		C3DC6EBF2B78B76100E1968B /* Debug */ = {
			isa = XCBuildConfiguration;
			buildSettings = {
				ASSETCATALOG_COMPILER_APPICON_NAME = AppIcon;
				ASSETCATALOG_COMPILER_GLOBAL_ACCENT_COLOR_NAME = AccentColor;
				CODE_SIGN_ENTITLEMENTS = macOS.entitlements;
				CODE_SIGN_STYLE = Automatic;
				COMBINE_HIDPI_IMAGES = YES;
				CURRENT_PROJECT_VERSION = 1;
				DEAD_CODE_STRIPPING = YES;
				DEVELOPMENT_ASSET_PATHS = "";
				DEVELOPMENT_TEAM = T42V7M748Y;
				ENABLE_HARDENED_RUNTIME = YES;
				ENABLE_PREVIEWS = YES;
				GENERATE_INFOPLIST_FILE = YES;
				INFOPLIST_FILE = "macOS-Info.plist";
				INFOPLIST_KEY_NSHumanReadableCopyright = "";
				IPHONEOS_DEPLOYMENT_TARGET = 18.0;
				LD_RUNPATH_SEARCH_PATHS = (
					"$(inherited)",
					"@executable_path/../Frameworks",
				);
				MACOSX_DEPLOYMENT_TARGET = 15.0;
				MARKETING_VERSION = 1.0;
				PRODUCT_BUNDLE_IDENTIFIER = com.enuf.badabook.macOS;
				PRODUCT_NAME = "$(TARGET_NAME)";
				SDKROOT = macosx;
				SWIFT_EMIT_LOC_STRINGS = YES;
				SWIFT_VERSION = 6.0;
			};
			name = Debug;
		};
		C3DC6EC02B78B76100E1968B /* Release */ = {
			isa = XCBuildConfiguration;
			buildSettings = {
				ASSETCATALOG_COMPILER_APPICON_NAME = AppIcon;
				ASSETCATALOG_COMPILER_GLOBAL_ACCENT_COLOR_NAME = AccentColor;
				CODE_SIGN_ENTITLEMENTS = macOS.entitlements;
				CODE_SIGN_STYLE = Automatic;
				COMBINE_HIDPI_IMAGES = YES;
				CURRENT_PROJECT_VERSION = 1;
				DEAD_CODE_STRIPPING = YES;
				DEVELOPMENT_ASSET_PATHS = "";
				DEVELOPMENT_TEAM = T42V7M748Y;
				ENABLE_HARDENED_RUNTIME = YES;
				ENABLE_PREVIEWS = YES;
				GENERATE_INFOPLIST_FILE = YES;
				INFOPLIST_FILE = "macOS-Info.plist";
				INFOPLIST_KEY_NSHumanReadableCopyright = "";
				IPHONEOS_DEPLOYMENT_TARGET = 18.0;
				LD_RUNPATH_SEARCH_PATHS = (
					"$(inherited)",
					"@executable_path/../Frameworks",
				);
				MACOSX_DEPLOYMENT_TARGET = 15.0;
				MARKETING_VERSION = 1.0;
				PRODUCT_BUNDLE_IDENTIFIER = com.enuf.badabook.macOS;
				PRODUCT_NAME = "$(TARGET_NAME)";
				SDKROOT = macosx;
				SWIFT_EMIT_LOC_STRINGS = YES;
				SWIFT_VERSION = 6.0;
			};
			name = Release;
		};
		C3DC6EE42B78B8E900E1968B /* Debug */ = {
			isa = XCBuildConfiguration;
			buildSettings = {
				ALWAYS_EMBED_SWIFT_STANDARD_LIBRARIES = YES;
				ASSETCATALOG_COMPILER_APPICON_NAME = AppIcon;
				ASSETCATALOG_COMPILER_GLOBAL_ACCENT_COLOR_NAME = AccentColor;
				CODE_SIGN_ENTITLEMENTS = iOS.entitlements;
				CODE_SIGN_STYLE = Automatic;
				CURRENT_PROJECT_VERSION = 1;
				DEVELOPMENT_ASSET_PATHS = "";
				DEVELOPMENT_TEAM = T42V7M748Y;
				ENABLE_PREVIEWS = YES;
				GENERATE_INFOPLIST_FILE = YES;
				INFOPLIST_FILE = "iOS-Info.plist";
				INFOPLIST_KEY_UIApplicationSceneManifest_Generation = YES;
				INFOPLIST_KEY_UIApplicationSupportsIndirectInputEvents = YES;
				INFOPLIST_KEY_UILaunchScreen_Generation = YES;
				INFOPLIST_KEY_UISupportedInterfaceOrientations_iPad = "UIInterfaceOrientationPortrait UIInterfaceOrientationPortraitUpsideDown UIInterfaceOrientationLandscapeLeft UIInterfaceOrientationLandscapeRight";
				INFOPLIST_KEY_UISupportedInterfaceOrientations_iPhone = "UIInterfaceOrientationPortrait UIInterfaceOrientationLandscapeLeft UIInterfaceOrientationLandscapeRight";
				IPHONEOS_DEPLOYMENT_TARGET = 18.0;
				LD_RUNPATH_SEARCH_PATHS = (
					"$(inherited)",
					"@executable_path/Frameworks",
				);
				MARKETING_VERSION = 1.0;
				PRODUCT_BUNDLE_IDENTIFIER = com.enuf.badabook.iOS;
				PRODUCT_NAME = "$(TARGET_NAME)";
				SDKROOT = iphoneos;
				SUPPORTED_PLATFORMS = "iphoneos iphonesimulator";
				SUPPORTS_MACCATALYST = NO;
				SUPPORTS_MAC_DESIGNED_FOR_IPHONE_IPAD = NO;
				SUPPORTS_XR_DESIGNED_FOR_IPHONE_IPAD = NO;
				SWIFT_EMIT_LOC_STRINGS = YES;
				SWIFT_VERSION = 6.0;
				TARGETED_DEVICE_FAMILY = 1;
			};
			name = Debug;
		};
		C3DC6EE52B78B8E900E1968B /* Release */ = {
			isa = XCBuildConfiguration;
			buildSettings = {
				ALWAYS_EMBED_SWIFT_STANDARD_LIBRARIES = YES;
				ASSETCATALOG_COMPILER_APPICON_NAME = AppIcon;
				ASSETCATALOG_COMPILER_GLOBAL_ACCENT_COLOR_NAME = AccentColor;
				CODE_SIGN_ENTITLEMENTS = iOS.entitlements;
				CODE_SIGN_STYLE = Automatic;
				CURRENT_PROJECT_VERSION = 1;
				DEVELOPMENT_ASSET_PATHS = "";
				DEVELOPMENT_TEAM = T42V7M748Y;
				ENABLE_PREVIEWS = YES;
				GENERATE_INFOPLIST_FILE = YES;
				INFOPLIST_FILE = "iOS-Info.plist";
				INFOPLIST_KEY_UIApplicationSceneManifest_Generation = YES;
				INFOPLIST_KEY_UIApplicationSupportsIndirectInputEvents = YES;
				INFOPLIST_KEY_UILaunchScreen_Generation = YES;
				INFOPLIST_KEY_UISupportedInterfaceOrientations_iPad = "UIInterfaceOrientationPortrait UIInterfaceOrientationPortraitUpsideDown UIInterfaceOrientationLandscapeLeft UIInterfaceOrientationLandscapeRight";
				INFOPLIST_KEY_UISupportedInterfaceOrientations_iPhone = "UIInterfaceOrientationPortrait UIInterfaceOrientationLandscapeLeft UIInterfaceOrientationLandscapeRight";
				IPHONEOS_DEPLOYMENT_TARGET = 18.0;
				LD_RUNPATH_SEARCH_PATHS = (
					"$(inherited)",
					"@executable_path/Frameworks",
				);
				MARKETING_VERSION = 1.0;
				PRODUCT_BUNDLE_IDENTIFIER = com.enuf.badabook.iOS;
				PRODUCT_NAME = "$(TARGET_NAME)";
				SDKROOT = iphoneos;
				SUPPORTED_PLATFORMS = "iphoneos iphonesimulator";
				SUPPORTS_MACCATALYST = NO;
				SUPPORTS_MAC_DESIGNED_FOR_IPHONE_IPAD = NO;
				SUPPORTS_XR_DESIGNED_FOR_IPHONE_IPAD = NO;
				SWIFT_EMIT_LOC_STRINGS = YES;
				SWIFT_VERSION = 6.0;
				TARGETED_DEVICE_FAMILY = 1;
				VALIDATE_PRODUCT = YES;
			};
			name = Release;
		};
		C3DC6EF62B78B9A400E1968B /* Debug */ = {
			isa = XCBuildConfiguration;
			buildSettings = {
				ASSETCATALOG_COMPILER_APPICON_NAME = AppIcon;
				ASSETCATALOG_COMPILER_GLOBAL_ACCENT_COLOR_NAME = AccentColor;
				CODE_SIGN_ENTITLEMENTS = iPadOS.entitlements;
				CODE_SIGN_STYLE = Automatic;
				CURRENT_PROJECT_VERSION = 1;
				DEVELOPMENT_ASSET_PATHS = "";
				DEVELOPMENT_TEAM = T42V7M748Y;
				ENABLE_PREVIEWS = YES;
				GENERATE_INFOPLIST_FILE = YES;
				INFOPLIST_FILE = "iPadOS-Info.plist";
				INFOPLIST_KEY_UIApplicationSceneManifest_Generation = YES;
				INFOPLIST_KEY_UIApplicationSupportsIndirectInputEvents = YES;
				INFOPLIST_KEY_UILaunchScreen_Generation = YES;
				INFOPLIST_KEY_UISupportedInterfaceOrientations_iPad = "UIInterfaceOrientationPortrait UIInterfaceOrientationPortraitUpsideDown UIInterfaceOrientationLandscapeLeft UIInterfaceOrientationLandscapeRight";
				INFOPLIST_KEY_UISupportedInterfaceOrientations_iPhone = "UIInterfaceOrientationPortrait UIInterfaceOrientationLandscapeLeft UIInterfaceOrientationLandscapeRight";
				IPHONEOS_DEPLOYMENT_TARGET = 18.0;
				LD_RUNPATH_SEARCH_PATHS = (
					"$(inherited)",
					"@executable_path/Frameworks",
				);
				MARKETING_VERSION = 1.0;
				PRODUCT_BUNDLE_IDENTIFIER = com.enuf.badabook.iPadOS;
				PRODUCT_NAME = "$(TARGET_NAME)";
				SDKROOT = iphoneos;
				SUPPORTED_PLATFORMS = "iphoneos iphonesimulator";
				SUPPORTS_MACCATALYST = NO;
				SUPPORTS_MAC_DESIGNED_FOR_IPHONE_IPAD = NO;
				SUPPORTS_XR_DESIGNED_FOR_IPHONE_IPAD = NO;
				SWIFT_EMIT_LOC_STRINGS = YES;
				SWIFT_VERSION = 6.0;
				TARGETED_DEVICE_FAMILY = 2;
			};
			name = Debug;
		};
		C3DC6EF72B78B9A400E1968B /* Release */ = {
			isa = XCBuildConfiguration;
			buildSettings = {
				ASSETCATALOG_COMPILER_APPICON_NAME = AppIcon;
				ASSETCATALOG_COMPILER_GLOBAL_ACCENT_COLOR_NAME = AccentColor;
				CODE_SIGN_ENTITLEMENTS = iPadOS.entitlements;
				CODE_SIGN_STYLE = Automatic;
				CURRENT_PROJECT_VERSION = 1;
				DEVELOPMENT_ASSET_PATHS = "";
				DEVELOPMENT_TEAM = T42V7M748Y;
				ENABLE_PREVIEWS = YES;
				GENERATE_INFOPLIST_FILE = YES;
				INFOPLIST_FILE = "iPadOS-Info.plist";
				INFOPLIST_KEY_UIApplicationSceneManifest_Generation = YES;
				INFOPLIST_KEY_UIApplicationSupportsIndirectInputEvents = YES;
				INFOPLIST_KEY_UILaunchScreen_Generation = YES;
				INFOPLIST_KEY_UISupportedInterfaceOrientations_iPad = "UIInterfaceOrientationPortrait UIInterfaceOrientationPortraitUpsideDown UIInterfaceOrientationLandscapeLeft UIInterfaceOrientationLandscapeRight";
				INFOPLIST_KEY_UISupportedInterfaceOrientations_iPhone = "UIInterfaceOrientationPortrait UIInterfaceOrientationLandscapeLeft UIInterfaceOrientationLandscapeRight";
				IPHONEOS_DEPLOYMENT_TARGET = 18.0;
				LD_RUNPATH_SEARCH_PATHS = (
					"$(inherited)",
					"@executable_path/Frameworks",
				);
				MARKETING_VERSION = 1.0;
				PRODUCT_BUNDLE_IDENTIFIER = com.enuf.badabook.iPadOS;
				PRODUCT_NAME = "$(TARGET_NAME)";
				SDKROOT = iphoneos;
				SUPPORTED_PLATFORMS = "iphoneos iphonesimulator";
				SUPPORTS_MACCATALYST = NO;
				SUPPORTS_MAC_DESIGNED_FOR_IPHONE_IPAD = NO;
				SUPPORTS_XR_DESIGNED_FOR_IPHONE_IPAD = NO;
				SWIFT_EMIT_LOC_STRINGS = YES;
				SWIFT_VERSION = 6.0;
				TARGETED_DEVICE_FAMILY = 2;
				VALIDATE_PRODUCT = YES;
			};
			name = Release;
		};
		C3F0AC722B2EE3AA00D2165B /* Debug */ = {
			isa = XCBuildConfiguration;
			buildSettings = {
				ALWAYS_SEARCH_USER_PATHS = NO;
				ASSETCATALOG_COMPILER_GENERATE_SWIFT_ASSET_SYMBOL_EXTENSIONS = YES;
				CLANG_ANALYZER_NONNULL = YES;
				CLANG_ANALYZER_NUMBER_OBJECT_CONVERSION = YES_AGGRESSIVE;
				CLANG_CXX_LANGUAGE_STANDARD = "gnu++20";
				CLANG_ENABLE_MODULES = YES;
				CLANG_ENABLE_OBJC_ARC = YES;
				CLANG_ENABLE_OBJC_WEAK = YES;
				CLANG_WARN_BLOCK_CAPTURE_AUTORELEASING = YES;
				CLANG_WARN_BOOL_CONVERSION = YES;
				CLANG_WARN_COMMA = YES;
				CLANG_WARN_CONSTANT_CONVERSION = YES;
				CLANG_WARN_DEPRECATED_OBJC_IMPLEMENTATIONS = YES;
				CLANG_WARN_DIRECT_OBJC_ISA_USAGE = YES_ERROR;
				CLANG_WARN_DOCUMENTATION_COMMENTS = YES;
				CLANG_WARN_EMPTY_BODY = YES;
				CLANG_WARN_ENUM_CONVERSION = YES;
				CLANG_WARN_INFINITE_RECURSION = YES;
				CLANG_WARN_INT_CONVERSION = YES;
				CLANG_WARN_NON_LITERAL_NULL_CONVERSION = YES;
				CLANG_WARN_OBJC_IMPLICIT_RETAIN_SELF = YES;
				CLANG_WARN_OBJC_LITERAL_CONVERSION = YES;
				CLANG_WARN_OBJC_ROOT_CLASS = YES_ERROR;
				CLANG_WARN_QUOTED_INCLUDE_IN_FRAMEWORK_HEADER = YES;
				CLANG_WARN_RANGE_LOOP_ANALYSIS = YES;
				CLANG_WARN_STRICT_PROTOTYPES = YES;
				CLANG_WARN_SUSPICIOUS_MOVE = YES;
				CLANG_WARN_UNGUARDED_AVAILABILITY = YES_AGGRESSIVE;
				CLANG_WARN_UNREACHABLE_CODE = YES;
				CLANG_WARN__DUPLICATE_METHOD_MATCH = YES;
				COPY_PHASE_STRIP = NO;
				DEAD_CODE_STRIPPING = YES;
				DEBUG_INFORMATION_FORMAT = dwarf;
				ENABLE_STRICT_OBJC_MSGSEND = YES;
				ENABLE_TESTABILITY = YES;
				ENABLE_USER_SCRIPT_SANDBOXING = YES;
				GCC_C_LANGUAGE_STANDARD = gnu17;
				GCC_DYNAMIC_NO_PIC = NO;
				GCC_NO_COMMON_BLOCKS = YES;
				GCC_OPTIMIZATION_LEVEL = 0;
				GCC_PREPROCESSOR_DEFINITIONS = (
					"DEBUG=1",
					"$(inherited)",
				);
				GCC_WARN_64_TO_32_BIT_CONVERSION = YES;
				GCC_WARN_ABOUT_RETURN_TYPE = YES_ERROR;
				GCC_WARN_UNDECLARED_SELECTOR = YES;
				GCC_WARN_UNINITIALIZED_AUTOS = YES_AGGRESSIVE;
				GCC_WARN_UNUSED_FUNCTION = YES;
				GCC_WARN_UNUSED_VARIABLE = YES;
				IPHONEOS_DEPLOYMENT_TARGET = 17.0;
				LOCALIZATION_PREFERS_STRING_CATALOGS = YES;
				MACOSX_DEPLOYMENT_TARGET = 14.0;
				MTL_ENABLE_DEBUG_INFO = INCLUDE_SOURCE;
				MTL_FAST_MATH = YES;
				ONLY_ACTIVE_ARCH = YES;
				SWIFT_ACTIVE_COMPILATION_CONDITIONS = "DEBUG $(inherited)";
				SWIFT_OPTIMIZATION_LEVEL = "-Onone";
				SWIFT_VERSION = 6.0;
				TVOS_DEPLOYMENT_TARGET = 15.0;
				WATCHOS_DEPLOYMENT_TARGET = 8.0;
				XROS_DEPLOYMENT_TARGET = 1.0;
			};
			name = Debug;
		};
		C3F0AC732B2EE3AA00D2165B /* Release */ = {
			isa = XCBuildConfiguration;
			buildSettings = {
				ALWAYS_SEARCH_USER_PATHS = NO;
				ASSETCATALOG_COMPILER_GENERATE_SWIFT_ASSET_SYMBOL_EXTENSIONS = YES;
				CLANG_ANALYZER_NONNULL = YES;
				CLANG_ANALYZER_NUMBER_OBJECT_CONVERSION = YES_AGGRESSIVE;
				CLANG_CXX_LANGUAGE_STANDARD = "gnu++20";
				CLANG_ENABLE_MODULES = YES;
				CLANG_ENABLE_OBJC_ARC = YES;
				CLANG_ENABLE_OBJC_WEAK = YES;
				CLANG_WARN_BLOCK_CAPTURE_AUTORELEASING = YES;
				CLANG_WARN_BOOL_CONVERSION = YES;
				CLANG_WARN_COMMA = YES;
				CLANG_WARN_CONSTANT_CONVERSION = YES;
				CLANG_WARN_DEPRECATED_OBJC_IMPLEMENTATIONS = YES;
				CLANG_WARN_DIRECT_OBJC_ISA_USAGE = YES_ERROR;
				CLANG_WARN_DOCUMENTATION_COMMENTS = YES;
				CLANG_WARN_EMPTY_BODY = YES;
				CLANG_WARN_ENUM_CONVERSION = YES;
				CLANG_WARN_INFINITE_RECURSION = YES;
				CLANG_WARN_INT_CONVERSION = YES;
				CLANG_WARN_NON_LITERAL_NULL_CONVERSION = YES;
				CLANG_WARN_OBJC_IMPLICIT_RETAIN_SELF = YES;
				CLANG_WARN_OBJC_LITERAL_CONVERSION = YES;
				CLANG_WARN_OBJC_ROOT_CLASS = YES_ERROR;
				CLANG_WARN_QUOTED_INCLUDE_IN_FRAMEWORK_HEADER = YES;
				CLANG_WARN_RANGE_LOOP_ANALYSIS = YES;
				CLANG_WARN_STRICT_PROTOTYPES = YES;
				CLANG_WARN_SUSPICIOUS_MOVE = YES;
				CLANG_WARN_UNGUARDED_AVAILABILITY = YES_AGGRESSIVE;
				CLANG_WARN_UNREACHABLE_CODE = YES;
				CLANG_WARN__DUPLICATE_METHOD_MATCH = YES;
				COPY_PHASE_STRIP = NO;
				DEAD_CODE_STRIPPING = YES;
				DEBUG_INFORMATION_FORMAT = "dwarf-with-dsym";
				ENABLE_NS_ASSERTIONS = NO;
				ENABLE_STRICT_OBJC_MSGSEND = YES;
				ENABLE_USER_SCRIPT_SANDBOXING = YES;
				GCC_C_LANGUAGE_STANDARD = gnu17;
				GCC_NO_COMMON_BLOCKS = YES;
				GCC_WARN_64_TO_32_BIT_CONVERSION = YES;
				GCC_WARN_ABOUT_RETURN_TYPE = YES_ERROR;
				GCC_WARN_UNDECLARED_SELECTOR = YES;
				GCC_WARN_UNINITIALIZED_AUTOS = YES_AGGRESSIVE;
				GCC_WARN_UNUSED_FUNCTION = YES;
				GCC_WARN_UNUSED_VARIABLE = YES;
				IPHONEOS_DEPLOYMENT_TARGET = 17.0;
				LOCALIZATION_PREFERS_STRING_CATALOGS = YES;
				MACOSX_DEPLOYMENT_TARGET = 14.0;
				MTL_ENABLE_DEBUG_INFO = NO;
				MTL_FAST_MATH = YES;
				SWIFT_COMPILATION_MODE = wholemodule;
				SWIFT_VERSION = 6.0;
				TVOS_DEPLOYMENT_TARGET = 15.0;
				WATCHOS_DEPLOYMENT_TARGET = 8.0;
				XROS_DEPLOYMENT_TARGET = 1.0;
			};
			name = Release;
		};
/* End XCBuildConfiguration section */

/* Begin XCConfigurationList section */
		C3DC6EC12B78B76100E1968B /* Build configuration list for PBXNativeTarget "macOS" */ = {
			isa = XCConfigurationList;
			buildConfigurations = (
				C3DC6EBF2B78B76100E1968B /* Debug */,
				C3DC6EC02B78B76100E1968B /* Release */,
			);
			defaultConfigurationIsVisible = 0;
			defaultConfigurationName = Release;
		};
		C3DC6EE32B78B8E900E1968B /* Build configuration list for PBXNativeTarget "iOS" */ = {
			isa = XCConfigurationList;
			buildConfigurations = (
				C3DC6EE42B78B8E900E1968B /* Debug */,
				C3DC6EE52B78B8E900E1968B /* Release */,
			);
			defaultConfigurationIsVisible = 0;
			defaultConfigurationName = Release;
		};
		C3DC6EF52B78B9A400E1968B /* Build configuration list for PBXNativeTarget "iPadOS" */ = {
			isa = XCConfigurationList;
			buildConfigurations = (
				C3DC6EF62B78B9A400E1968B /* Debug */,
				C3DC6EF72B78B9A400E1968B /* Release */,
			);
			defaultConfigurationIsVisible = 0;
			defaultConfigurationName = Release;
		};
		C3F0AC472B2EE3A900D2165B /* Build configuration list for PBXProject "BadaBook" */ = {
			isa = XCConfigurationList;
			buildConfigurations = (
				C3F0AC722B2EE3AA00D2165B /* Debug */,
				C3F0AC732B2EE3AA00D2165B /* Release */,
			);
			defaultConfigurationIsVisible = 0;
			defaultConfigurationName = Release;
		};
/* End XCConfigurationList section */

/* Begin XCSwiftPackageProductDependency section */
		C305F3AE2C8451F90046256D /* BadaCore */ = {
			isa = XCSwiftPackageProductDependency;
			productName = BadaCore;
		};
		C305F3B02C8451F90046256D /* BadaUI */ = {
			isa = XCSwiftPackageProductDependency;
			productName = BadaUI;
		};
		C305F3B22C8452000046256D /* BadaCore */ = {
			isa = XCSwiftPackageProductDependency;
			productName = BadaCore;
		};
		C305F3B42C8452000046256D /* BadaUI */ = {
			isa = XCSwiftPackageProductDependency;
			productName = BadaUI;
		};
		C305F3B62C8452070046256D /* BadaCore */ = {
			isa = XCSwiftPackageProductDependency;
			productName = BadaCore;
		};
		C305F3B82C8452070046256D /* BadaUI */ = {
			isa = XCSwiftPackageProductDependency;
			productName = BadaUI;
		};
		C30EC7BE2C8482E300B46F13 /* BadaApp */ = {
			isa = XCSwiftPackageProductDependency;
			productName = BadaApp;
		};
		C30EC7C02C8482E800B46F13 /* BadaApp */ = {
			isa = XCSwiftPackageProductDependency;
			productName = BadaApp;
		};
		C3F0C7E92C9ABD350095F222 /* BadaApp */ = {
			isa = XCSwiftPackageProductDependency;
			productName = BadaApp;
		};
/* End XCSwiftPackageProductDependency section */
	};
	rootObject = C3F0AC442B2EE3A900D2165B /* Project object */;
}
