// !$*UTF8*$!
{
	archiveVersion = 1;
	classes = {
	};
	objectVersion = 56;
	objects = {

/* Begin PBXBuildFile section */
		C305F3AF2C8451F90046256D /* BadaCore in Frameworks */ = {isa = PBXBuildFile; productRef = C305F3AE2C8451F90046256D /* BadaCore */; };
		C305F3B12C8451F90046256D /* BadaUI in Frameworks */ = {isa = PBXBuildFile; productRef = C305F3B02C8451F90046256D /* BadaUI */; };
		C30EC7BF2C8482E300B46F13 /* BadaApp in Frameworks */ = {isa = PBXBuildFile; productRef = C30EC7BE2C8482E300B46F13 /* BadaApp */; };
		C364E2BE2DF4303800E18A5E /* InfoPlist.xcstrings in Resources */ = {isa = PBXBuildFile; fileRef = C364E2BD2DF4303800E18A5E /* InfoPlist.xcstrings */; };
		C3B84F3F2F2DDEF1009554F2 /* AppIcon.icon in Resources */ = {isa = PBXBuildFile; fileRef = C3B84F3E2F2DDEF1009554F2 /* AppIcon.icon */; };
		C3DC6EDB2B78B8E800E1968B /* iOSApp.swift in Sources */ = {isa = PBXBuildFile; fileRef = C3DC6EDA2B78B8E800E1968B /* iOSApp.swift */; };
		C3DC6EDF2B78B8E900E1968B /* Assets.xcassets in Resources */ = {isa = PBXBuildFile; fileRef = C3DC6EDE2B78B8E900E1968B /* Assets.xcassets */; };
/* End PBXBuildFile section */

/* Begin PBXCopyFilesBuildPhase section */
		C3E08D6D2B78BEA800659303 /* Embed Watch Content */ = {
			isa = PBXCopyFilesBuildPhase;
			buildActionMask = 2147483647;
			dstPath = "$(CONTENTS_FOLDER_PATH)/Watch";
			dstSubfolderSpec = 16;
			files = (
			);
			name = "Embed Watch Content";
			runOnlyForDeploymentPostprocessing = 0;
		};
/* End PBXCopyFilesBuildPhase section */

/* Begin PBXFileReference section */
		C303E0B52C99A71500A94738 /* iOS-Info.plist */ = {isa = PBXFileReference; lastKnownFileType = text.plist; path = "iOS-Info.plist"; sourceTree = "<group>"; };
		C364E2BD2DF4303800E18A5E /* InfoPlist.xcstrings */ = {isa = PBXFileReference; lastKnownFileType = text.json.xcstrings; path = InfoPlist.xcstrings; sourceTree = "<group>"; };
		C3B84F3E2F2DDEF1009554F2 /* AppIcon.icon */ = {isa = PBXFileReference; lastKnownFileType = folder.iconcomposer.icon; path = AppIcon.icon; sourceTree = "<group>"; };
		C3CAD57F2B78C8CA00C7344D /* AppTests.xctestplan */ = {isa = PBXFileReference; lastKnownFileType = text; path = AppTests.xctestplan; sourceTree = "<group>"; };
		C3D2A16C2B6E32340059EADC /* AppPackage */ = {isa = PBXFileReference; lastKnownFileType = wrapper; name = AppPackage; path = ..; sourceTree = "<group>"; };
		C3DC6ED82B78B8E800E1968B /* Badabook.app */ = {isa = PBXFileReference; explicitFileType = wrapper.application; includeInIndex = 0; path = Badabook.app; sourceTree = BUILT_PRODUCTS_DIR; };
		C3DC6EDA2B78B8E800E1968B /* iOSApp.swift */ = {isa = PBXFileReference; lastKnownFileType = sourcecode.swift; path = iOSApp.swift; sourceTree = "<group>"; };
		C3DC6EDE2B78B8E900E1968B /* Assets.xcassets */ = {isa = PBXFileReference; lastKnownFileType = folder.assetcatalog; path = Assets.xcassets; sourceTree = "<group>"; };
		C3E3D4942C9A659C00684D72 /* iOS.entitlements */ = {isa = PBXFileReference; lastKnownFileType = text.plist.entitlements; path = iOS.entitlements; sourceTree = "<group>"; };
/* End PBXFileReference section */

/* Begin PBXFrameworksBuildPhase section */
		C3DC6ED52B78B8E800E1968B /* Frameworks */ = {
			isa = PBXFrameworksBuildPhase;
			buildActionMask = 2147483647;
			files = (
				C30EC7BF2C8482E300B46F13 /* BadaApp in Frameworks */,
				C305F3B12C8451F90046256D /* BadaUI in Frameworks */,
				C305F3AF2C8451F90046256D /* BadaCore in Frameworks */,
			);
			runOnlyForDeploymentPostprocessing = 0;
		};
/* End PBXFrameworksBuildPhase section */

/* Begin PBXGroup section */
		C3100B852B396A0600CD640B /* Platforms */ = {
			isa = PBXGroup;
			children = (
				C3DC6ED92B78B8E800E1968B /* iOS */,
			);
			path = Platforms;
			sourceTree = "<group>";
		};
		C3CAD57E2B78C8A000C7344D /* TestPlans */ = {
			isa = PBXGroup;
			children = (
				C3CAD57F2B78C8CA00C7344D /* AppTests.xctestplan */,
			);
			path = TestPlans;
			sourceTree = "<group>";
		};
		C3D2A16D2B6E32BD0059EADC /* Frameworks */ = {
			isa = PBXGroup;
			children = (
			);
			name = Frameworks;
			sourceTree = "<group>";
		};
		C3DC6ED92B78B8E800E1968B /* iOS */ = {
			isa = PBXGroup;
			children = (
				C3DC6EDA2B78B8E800E1968B /* iOSApp.swift */,
				C3DC6EDE2B78B8E900E1968B /* Assets.xcassets */,
				C3B84F3E2F2DDEF1009554F2 /* AppIcon.icon */,
			);
			path = iOS;
			sourceTree = "<group>";
		};
		C3F0AC432B2EE3A900D2165B = {
			isa = PBXGroup;
			children = (
				C364E2BD2DF4303800E18A5E /* InfoPlist.xcstrings */,
				C3D2A16C2B6E32340059EADC /* AppPackage */,
				C3E3D4942C9A659C00684D72 /* iOS.entitlements */,
				C303E0B52C99A71500A94738 /* iOS-Info.plist */,
				C3D2A16D2B6E32BD0059EADC /* Frameworks */,
				C3100B852B396A0600CD640B /* Platforms */,
				C3F0AC4D2B2EE3A900D2165B /* Products */,
				C3CAD57E2B78C8A000C7344D /* TestPlans */,
			);
			sourceTree = "<group>";
		};
		C3F0AC4D2B2EE3A900D2165B /* Products */ = {
			isa = PBXGroup;
			children = (
				C3DC6ED82B78B8E800E1968B /* Badabook.app */,
			);
			name = Products;
			sourceTree = "<group>";
		};
/* End PBXGroup section */

/* Begin PBXNativeTarget section */
		C3DC6ED72B78B8E800E1968B /* iOS */ = {
			isa = PBXNativeTarget;
			buildConfigurationList = C3DC6EE32B78B8E900E1968B /* Build configuration list for PBXNativeTarget "iOS" */;
			buildPhases = (
				C3DC6ED42B78B8E800E1968B /* Sources */,
				C3DC6ED52B78B8E800E1968B /* Frameworks */,
				C3DC6ED62B78B8E800E1968B /* Resources */,
				C3E08D6D2B78BEA800659303 /* Embed Watch Content */,
			);
			buildRules = (
			);
			dependencies = (
			);
			name = iOS;
			packageProductDependencies = (
				C305F3AE2C8451F90046256D /* BadaCore */,
				C305F3B02C8451F90046256D /* BadaUI */,
				C30EC7BE2C8482E300B46F13 /* BadaApp */,
			);
			productName = iOS;
			productReference = C3DC6ED82B78B8E800E1968B /* Badabook.app */;
			productType = "com.apple.product-type.application";
		};
/* End PBXNativeTarget section */

/* Begin PBXProject section */
		C3F0AC442B2EE3A900D2165B /* Project object */ = {
			isa = PBXProject;
			attributes = {
				BuildIndependentTargetsInParallel = 1;
				LastSwiftUpdateCheck = 1520;
				LastUpgradeCheck = 1520;
				TargetAttributes = {
					C3DC6ED72B78B8E800E1968B = {
						CreatedOnToolsVersion = 15.2;
					};
				};
			};
			buildConfigurationList = C3F0AC472B2EE3A900D2165B /* Build configuration list for PBXProject "Badabook" */;
			compatibilityVersion = "Xcode 14.0";
			developmentRegion = en;
			hasScannedForEncodings = 0;
			knownRegions = (
				en,
				Base,
				ko,
			);
			mainGroup = C3F0AC432B2EE3A900D2165B;
			productRefGroup = C3F0AC4D2B2EE3A900D2165B /* Products */;
			projectDirPath = "";
			projectRoot = "";
			targets = (
				C3DC6ED72B78B8E800E1968B /* iOS */,
			);
		};
/* End PBXProject section */

/* Begin PBXResourcesBuildPhase section */
		C3DC6ED62B78B8E800E1968B /* Resources */ = {
			isa = PBXResourcesBuildPhase;
			buildActionMask = 2147483647;
			files = (
				C364E2BE2DF4303800E18A5E /* InfoPlist.xcstrings in Resources */,
				C3DC6EDF2B78B8E900E1968B /* Assets.xcassets in Resources */,
				C3B84F3F2F2DDEF1009554F2 /* AppIcon.icon in Resources */,
			);
			runOnlyForDeploymentPostprocessing = 0;
		};
/* End PBXResourcesBuildPhase section */

/* Begin PBXSourcesBuildPhase section */
		C3DC6ED42B78B8E800E1968B /* Sources */ = {
			isa = PBXSourcesBuildPhase;
			buildActionMask = 2147483647;
			files = (
				C3DC6EDB2B78B8E800E1968B /* iOSApp.swift in Sources */,
			);
			runOnlyForDeploymentPostprocessing = 0;
		};
/* End PBXSourcesBuildPhase section */

/* Begin XCBuildConfiguration section */
		C3DC6EE42B78B8E900E1968B /* Debug */ = {
			isa = XCBuildConfiguration;
			buildSettings = {
				ALWAYS_EMBED_SWIFT_STANDARD_LIBRARIES = YES;
				ASSETCATALOG_COMPILER_APPICON_NAME = AppIcon;
				ASSETCATALOG_COMPILER_GLOBAL_ACCENT_COLOR_NAME = AccentColor;
				CODE_SIGN_ENTITLEMENTS = iOS.entitlements;
				CODE_SIGN_STYLE = Automatic;
				CURRENT_PROJECT_VERSION = 8;
				DEVELOPMENT_ASSET_PATHS = "";
				DEVELOPMENT_TEAM = T42V7M748Y;
				ENABLE_PREVIEWS = YES;
				GENERATE_INFOPLIST_FILE = YES;
				INFOPLIST_FILE = "iOS-Info.plist";
				INFOPLIST_KEY_CFBundleDisplayName = Badabook;
				INFOPLIST_KEY_ITSAppUsesNonExemptEncryption = NO;
				INFOPLIST_KEY_NSHumanReadableCopyright = "Copyright © 2025-2026 ENUF Co., Ltd. All rights reserved.";
				INFOPLIST_KEY_UIApplicationSceneManifest_Generation = YES;
				INFOPLIST_KEY_UIApplicationSupportsIndirectInputEvents = YES;
				INFOPLIST_KEY_UILaunchScreen_Generation = YES;
				INFOPLIST_KEY_UISupportedInterfaceOrientations_iPad = "UIInterfaceOrientationPortrait UIInterfaceOrientationPortraitUpsideDown UIInterfaceOrientationLandscapeLeft UIInterfaceOrientationLandscapeRight";
				INFOPLIST_KEY_UISupportedInterfaceOrientations_iPhone = "UIInterfaceOrientationPortrait UIInterfaceOrientationLandscapeLeft UIInterfaceOrientationLandscapeRight";
				IPHONEOS_DEPLOYMENT_TARGET = 26.0;
				LD_RUNPATH_SEARCH_PATHS = (
					"$(inherited)",
					"@executable_path/Frameworks",
				);
				MARKETING_VERSION = 1.6;
				PRODUCT_BUNDLE_IDENTIFIER = com.enuf.badabook;
				PRODUCT_NAME = Badabook;
				SDKROOT = iphoneos;
				SUPPORTED_PLATFORMS = "iphoneos iphonesimulator";
				SUPPORTS_MACCATALYST = NO;
				SUPPORTS_MAC_DESIGNED_FOR_IPHONE_IPAD = NO;
				SUPPORTS_XR_DESIGNED_FOR_IPHONE_IPAD = NO;
				SWIFT_EMIT_LOC_STRINGS = YES;
				SWIFT_VERSION = 6.0;
				TARGETED_DEVICE_FAMILY = "1,2";
			};
			name = Debug;
		};
		C3DC6EE52B78B8E900E1968B /* Release */ = {
			isa = XCBuildConfiguration;
			buildSettings = {
				ALWAYS_EMBED_SWIFT_STANDARD_LIBRARIES = YES;
				ASSETCATALOG_COMPILER_APPICON_NAME = AppIcon;
				ASSETCATALOG_COMPILER_GLOBAL_ACCENT_COLOR_NAME = AccentColor;
				CODE_SIGN_ENTITLEMENTS = iOS.entitlements;
				CODE_SIGN_STYLE = Automatic;
				CURRENT_PROJECT_VERSION = 8;
				DEVELOPMENT_ASSET_PATHS = "";
				DEVELOPMENT_TEAM = T42V7M748Y;
				ENABLE_PREVIEWS = YES;
				GENERATE_INFOPLIST_FILE = YES;
				INFOPLIST_FILE = "iOS-Info.plist";
				INFOPLIST_KEY_CFBundleDisplayName = Badabook;
				INFOPLIST_KEY_ITSAppUsesNonExemptEncryption = NO;
				INFOPLIST_KEY_NSHumanReadableCopyright = "Copyright © 2025-2026 ENUF Co., Ltd. All rights reserved.";
				INFOPLIST_KEY_UIApplicationSceneManifest_Generation = YES;
				INFOPLIST_KEY_UIApplicationSupportsIndirectInputEvents = YES;
				INFOPLIST_KEY_UILaunchScreen_Generation = YES;
				INFOPLIST_KEY_UISupportedInterfaceOrientations_iPad = "UIInterfaceOrientationPortrait UIInterfaceOrientationPortraitUpsideDown UIInterfaceOrientationLandscapeLeft UIInterfaceOrientationLandscapeRight";
				INFOPLIST_KEY_UISupportedInterfaceOrientations_iPhone = "UIInterfaceOrientationPortrait UIInterfaceOrientationLandscapeLeft UIInterfaceOrientationLandscapeRight";
				IPHONEOS_DEPLOYMENT_TARGET = 26.0;
				LD_RUNPATH_SEARCH_PATHS = (
					"$(inherited)",
					"@executable_path/Frameworks",
				);
				MARKETING_VERSION = 1.6;
				PRODUCT_BUNDLE_IDENTIFIER = com.enuf.badabook;
				PRODUCT_NAME = Badabook;
				SDKROOT = iphoneos;
				SUPPORTED_PLATFORMS = "iphoneos iphonesimulator";
				SUPPORTS_MACCATALYST = NO;
				SUPPORTS_MAC_DESIGNED_FOR_IPHONE_IPAD = NO;
				SUPPORTS_XR_DESIGNED_FOR_IPHONE_IPAD = NO;
				SWIFT_EMIT_LOC_STRINGS = YES;
				SWIFT_VERSION = 6.0;
				TARGETED_DEVICE_FAMILY = "1,2";
				VALIDATE_PRODUCT = YES;
			};
			name = Release;
		};
		C3F0AC722B2EE3AA00D2165B /* Debug */ = {
			isa = XCBuildConfiguration;
			buildSettings = {
				ALWAYS_SEARCH_USER_PATHS = NO;
				ASSETCATALOG_COMPILER_GENERATE_SWIFT_ASSET_SYMBOL_EXTENSIONS = YES;
				CLANG_ANALYZER_NONNULL = YES;
				CLANG_ANALYZER_NUMBER_OBJECT_CONVERSION = YES_AGGRESSIVE;
				CLANG_CXX_LANGUAGE_STANDARD = "gnu++20";
				CLANG_ENABLE_MODULES = YES;
				CLANG_ENABLE_OBJC_ARC = YES;
				CLANG_ENABLE_OBJC_WEAK = YES;
				CLANG_WARN_BLOCK_CAPTURE_AUTORELEASING = YES;
				CLANG_WARN_BOOL_CONVERSION = YES;
				CLANG_WARN_COMMA = YES;
				CLANG_WARN_CONSTANT_CONVERSION = YES;
				CLANG_WARN_DEPRECATED_OBJC_IMPLEMENTATIONS = YES;
				CLANG_WARN_DIRECT_OBJC_ISA_USAGE = YES_ERROR;
				CLANG_WARN_DOCUMENTATION_COMMENTS = YES;
				CLANG_WARN_EMPTY_BODY = YES;
				CLANG_WARN_ENUM_CONVERSION = YES;
				CLANG_WARN_INFINITE_RECURSION = YES;
				CLANG_WARN_INT_CONVERSION = YES;
				CLANG_WARN_NON_LITERAL_NULL_CONVERSION = YES;
				CLANG_WARN_OBJC_IMPLICIT_RETAIN_SELF = YES;
				CLANG_WARN_OBJC_LITERAL_CONVERSION = YES;
				CLANG_WARN_OBJC_ROOT_CLASS = YES_ERROR;
				CLANG_WARN_QUOTED_INCLUDE_IN_FRAMEWORK_HEADER = YES;
				CLANG_WARN_RANGE_LOOP_ANALYSIS = YES;
				CLANG_WARN_STRICT_PROTOTYPES = YES;
				CLANG_WARN_SUSPICIOUS_MOVE = YES;
				CLANG_WARN_UNGUARDED_AVAILABILITY = YES_AGGRESSIVE;
				CLANG_WARN_UNREACHABLE_CODE = YES;
				CLANG_WARN__DUPLICATE_METHOD_MATCH = YES;
				COPY_PHASE_STRIP = NO;
				DEAD_CODE_STRIPPING = YES;
				DEBUG_INFORMATION_FORMAT = dwarf;
				ENABLE_STRICT_OBJC_MSGSEND = YES;
				ENABLE_TESTABILITY = YES;
				ENABLE_USER_SCRIPT_SANDBOXING = YES;
				GCC_C_LANGUAGE_STANDARD = gnu17;
				GCC_DYNAMIC_NO_PIC = NO;
				GCC_NO_COMMON_BLOCKS = YES;
				GCC_OPTIMIZATION_LEVEL = 0;
				GCC_PREPROCESSOR_DEFINITIONS = (
					"DEBUG=1",
					"$(inherited)",
				);
				GCC_WARN_64_TO_32_BIT_CONVERSION = YES;
				GCC_WARN_ABOUT_RETURN_TYPE = YES_ERROR;
				GCC_WARN_UNDECLARED_SELECTOR = YES;
				GCC_WARN_UNINITIALIZED_AUTOS = YES_AGGRESSIVE;
				GCC_WARN_UNUSED_FUNCTION = YES;
				GCC_WARN_UNUSED_VARIABLE = YES;
				IPHONEOS_DEPLOYMENT_TARGET = 17.0;
				LOCALIZATION_PREFERS_STRING_CATALOGS = YES;
				MTL_ENABLE_DEBUG_INFO = INCLUDE_SOURCE;
				MTL_FAST_MATH = YES;
				ONLY_ACTIVE_ARCH = YES;
				SUPPORTED_PLATFORMS = "iphonesimulator iphoneos";
				SWIFT_ACTIVE_COMPILATION_CONDITIONS = "DEBUG $(inherited)";
				SWIFT_EMIT_LOC_STRINGS = YES;
				SWIFT_OPTIMIZATION_LEVEL = "-Onone";
				SWIFT_VERSION = 6.0;
			};
			name = Debug;
		};
		C3F0AC732B2EE3AA00D2165B /* Release */ = {
			isa = XCBuildConfiguration;
			buildSettings = {
				ALWAYS_SEARCH_USER_PATHS = NO;
				ASSETCATALOG_COMPILER_GENERATE_SWIFT_ASSET_SYMBOL_EXTENSIONS = YES;
				CLANG_ANALYZER_NONNULL = YES;
				CLANG_ANALYZER_NUMBER_OBJECT_CONVERSION = YES_AGGRESSIVE;
				CLANG_CXX_LANGUAGE_STANDARD = "gnu++20";
				CLANG_ENABLE_MODULES = YES;
				CLANG_ENABLE_OBJC_ARC = YES;
				CLANG_ENABLE_OBJC_WEAK = YES;
				CLANG_WARN_BLOCK_CAPTURE_AUTORELEASING = YES;
				CLANG_WARN_BOOL_CONVERSION = YES;
				CLANG_WARN_COMMA = YES;
				CLANG_WARN_CONSTANT_CONVERSION = YES;
				CLANG_WARN_DEPRECATED_OBJC_IMPLEMENTATIONS = YES;
				CLANG_WARN_DIRECT_OBJC_ISA_USAGE = YES_ERROR;
				CLANG_WARN_DOCUMENTATION_COMMENTS = YES;
				CLANG_WARN_EMPTY_BODY = YES;
				CLANG_WARN_ENUM_CONVERSION = YES;
				CLANG_WARN_INFINITE_RECURSION = YES;
				CLANG_WARN_INT_CONVERSION = YES;
				CLANG_WARN_NON_LITERAL_NULL_CONVERSION = YES;
				CLANG_WARN_OBJC_IMPLICIT_RETAIN_SELF = YES;
				CLANG_WARN_OBJC_LITERAL_CONVERSION = YES;
				CLANG_WARN_OBJC_ROOT_CLASS = YES_ERROR;
				CLANG_WARN_QUOTED_INCLUDE_IN_FRAMEWORK_HEADER = YES;
				CLANG_WARN_RANGE_LOOP_ANALYSIS = YES;
				CLANG_WARN_STRICT_PROTOTYPES = YES;
				CLANG_WARN_SUSPICIOUS_MOVE = YES;
				CLANG_WARN_UNGUARDED_AVAILABILITY = YES_AGGRESSIVE;
				CLANG_WARN_UNREACHABLE_CODE = YES;
				CLANG_WARN__DUPLICATE_METHOD_MATCH = YES;
				COPY_PHASE_STRIP = NO;
				DEAD_CODE_STRIPPING = YES;
				DEBUG_INFORMATION_FORMAT = "dwarf-with-dsym";
				ENABLE_NS_ASSERTIONS = NO;
				ENABLE_STRICT_OBJC_MSGSEND = YES;
				ENABLE_USER_SCRIPT_SANDBOXING = YES;
				GCC_C_LANGUAGE_STANDARD = gnu17;
				GCC_NO_COMMON_BLOCKS = YES;
				GCC_WARN_64_TO_32_BIT_CONVERSION = YES;
				GCC_WARN_ABOUT_RETURN_TYPE = YES_ERROR;
				GCC_WARN_UNDECLARED_SELECTOR = YES;
				GCC_WARN_UNINITIALIZED_AUTOS = YES_AGGRESSIVE;
				GCC_WARN_UNUSED_FUNCTION = YES;
				GCC_WARN_UNUSED_VARIABLE = YES;
				IPHONEOS_DEPLOYMENT_TARGET = 17.0;
				LOCALIZATION_PREFERS_STRING_CATALOGS = YES;
				MTL_ENABLE_DEBUG_INFO = NO;
				MTL_FAST_MATH = YES;
				SUPPORTED_PLATFORMS = "iphonesimulator iphoneos";
				SWIFT_COMPILATION_MODE = wholemodule;
				SWIFT_EMIT_LOC_STRINGS = YES;
				SWIFT_VERSION = 6.0;
			};
			name = Release;
		};
/* End XCBuildConfiguration section */

/* Begin XCConfigurationList section */
		C3DC6EE32B78B8E900E1968B /* Build configuration list for PBXNativeTarget "iOS" */ = {
			isa = XCConfigurationList;
			buildConfigurations = (
				C3DC6EE42B78B8E900E1968B /* Debug */,
				C3DC6EE52B78B8E900E1968B /* Release */,
			);
			defaultConfigurationIsVisible = 0;
			defaultConfigurationName = Release;
		};
		C3F0AC472B2EE3A900D2165B /* Build configuration list for PBXProject "Badabook" */ = {
			isa = XCConfigurationList;
			buildConfigurations = (
				C3F0AC722B2EE3AA00D2165B /* Debug */,
				C3F0AC732B2EE3AA00D2165B /* Release */,
			);
			defaultConfigurationIsVisible = 0;
			defaultConfigurationName = Release;
		};
/* End XCConfigurationList section */

/* Begin XCSwiftPackageProductDependency section */
		C305F3AE2C8451F90046256D /* BadaCore */ = {
			isa = XCSwiftPackageProductDependency;
			productName = BadaCore;
		};
		C305F3B02C8451F90046256D /* BadaUI */ = {
			isa = XCSwiftPackageProductDependency;
			productName = BadaUI;
		};
		C30EC7BE2C8482E300B46F13 /* BadaApp */ = {
			isa = XCSwiftPackageProductDependency;
			productName = BadaApp;
		};
/* End XCSwiftPackageProductDependency section */
	};
	rootObject = C3F0AC442B2EE3A900D2165B /* Project object */;
}
